{
  "name": "utif-demo",
  "version": "1.0.0",
  "lockfileVersion": 1,
  "requires": true,
  "dependencies": {
    "pako": {
      "version": "1.0.8",
      "resolved": "http://10.1.2.2:9001/repository/npm-group/pako/-/pako-1.0.8.tgz",
      "integrity": "sha512-6i0HVbUfcKaTv+EG8ZTr75az7GFXcLYk9UyLEg7Notv/Ma+z/UG3TCoz6GiNeOrn1E/e63I0X/Hpw18jHOTUnA=="
    },
    "utif": {
      "version": "3.0.0",
      "resolved": "http://10.1.2.2:9001/repository/npm-group/utif/-/utif-3.0.0.tgz",
      "integrity": "sha512-rAdBSYyqIbU7hFV38pibD9kyYBuzshrWa2jNhE/17YWe8DqI0/JSDBcL3GN48DvG04JC2ecG4Xu0XcQZnEGLdg==",
      "requires": {
        "pako": "^1.0.5"
      }
    }
  }
}
